<?xml version="1.0" encoding="utf-8"?>
<Project ToolsVersion="4.0" xmlns="http://schemas.microsoft.com/developer/msbuild/2003">
  <ItemGroup>
    <Filter Include="Source Files">
      <UniqueIdentifier>{4FC737F1-C7A5-4376-A066-2A32D752A2FF}</UniqueIdentifier>
      <Extensions>cpp;c;cc;cxx;c++;cppm;ixx;def;odl;idl;hpj;bat;asm;asmx</Extensions>
    </Filter>
    <Filter Include="Header Files">
      <UniqueIdentifier>{93995380-89BD-4b04-88EB-625FBE52EBFB}</UniqueIdentifier>
      <Extensions>h;hh;hpp;hxx;h++;hm;inl;inc;ipp;xsd</Extensions>
    </Filter>
    <Filter Include="Resource Files">
      <UniqueIdentifier>{67DA6AB6-F800-4c08-8B7A-83BB121AAD01}</UniqueIdentifier>
      <Extensions>rc;ico;cur;bmp;dlg;rc2;rct;bin;rgs;gif;jpg;jpeg;jpe;resx;tiff;tif;png;wav;mfcribbon-ms</Extensions>
    </Filter>
    <Filter Include="Resource Files\Sound">
      <UniqueIdentifier>{09fb3e49-ec6f-4334-9d6c-5a0241757070}</UniqueIdentifier>
    </Filter>
  </ItemGroup>
  <ItemGroup>
    <ClCompile Include="Project.cpp">
      <Filter>Source Files</Filter>
    </ClCompile>
    <ClCompile Include="main.cpp">
      <Filter>Source Files</Filter>
    </ClCompile>
    <ClCompile Include="Utility.cpp">
      <Filter>Resource Files</Filter>
    </ClCompile>
    <ClCompile Include="Struct.cpp">
      <Filter>Resource Files</Filter>
    </ClCompile>
    <ClCompile Include="LeaderBoard.cpp">
      <Filter>Resource Files</Filter>
    </ClCompile>
    <ClCompile Include="NormalMode.cpp">
      <Filter>Resource Files</Filter>
    </ClCompile>
    <ClCompile Include="HardMode.cpp">
      <Filter>Resource Files</Filter>
    </ClCompile>
    <ClCompile Include="NormalCheck.cpp">
      <Filter>Resource Files</Filter>
    </ClCompile>
    <ClCompile Include="HardCheck.cpp">
      <Filter>Resource Files</Filter>
    </ClCompile>
    <ClCompile Include="Sound.cpp">
      <Filter>Resource Files</Filter>
    </ClCompile>
    <ClCompile Include="Console_Settings.cpp">
      <Filter>Resource Files</Filter>
    </ClCompile>
  </ItemGroup>
  <ItemGroup>
    <ClInclude Include="Utility.h">
      <Filter>Header Files</Filter>
    </ClInclude>
    <ClInclude Include="Struct.h">
      <Filter>Header Files</Filter>
    </ClInclude>
    <ClInclude Include="LeaderBoard.h">
      <Filter>Header Files</Filter>
    </ClInclude>
    <ClInclude Include="NormalMode.h">
      <Filter>Header Files</Filter>
    </ClInclude>
    <ClInclude Include="HardMode.h">
      <Filter>Header Files</Filter>
    </ClInclude>
    <ClInclude Include="NormalCheck.h">
      <Filter>Header Files</Filter>
    </ClInclude>
    <ClInclude Include="HardCheck.h">
      <Filter>Header Files</Filter>
    </ClInclude>
    <ClInclude Include="Sound.h">
      <Filter>Header Files</Filter>
    </ClInclude>
    <ClInclude Include="Console_Settings.h">
      <Filter>Header Files</Filter>
    </ClInclude>
  </ItemGroup>
  <ItemGroup>
    <Text Include="LeaderBoard.txt">
      <Filter>Resource Files</Filter>
    </Text>
    <Text Include="NormalBG.txt">
      <Filter>Resource Files</Filter>
    </Text>
    <Text Include="HardBG.txt">
      <Filter>Resource Files</Filter>
    </Text>
  </ItemGroup>
  <ItemGroup>
    <Media Include="Game_Over_Sound.wav">
      <Filter>Resource Files\Sound</Filter>
    </Media>
    <Media Include="Win_Sound.wav">
      <Filter>Resource Files\Sound</Filter>
    </Media>
    <Media Include="Wrong_Pair_Sound.wav">
      <Filter>Resource Files\Sound</Filter>
    </Media>
    <Media Include="Right_Pair_Sound.wav">
      <Filter>Resource Files\Sound</Filter>
    </Media>
    <Media Include="Game_Start_Sound.wav">
      <Filter>Resource Files\Sound</Filter>
    </Media>
  </ItemGroup>
</Project>